
Microsoft Visual Studio Solution File, Format Version 12.00
# Visual Studio Version 17
VisualStudioVersion = 17.1.32319.34
MinimumVisualStudioVersion = 10.0.40219.1
Project("{9A19103F-16F7-4668-BE54-9A1E7A4F7556}") = "BlogApplication", "src\BlogApplication\BlogApplication.csproj", "{B30C3C70-530F-418A-B68F-1FC8491AF858}"
EndProject
Project("{9A19103F-16F7-4668-BE54-9A1E7A4F7556}") = "BlogCore", "src\BlogCore\BlogCore.csproj", "{415E8152-32DF-452A-AA22-28DD406B78B0}"
EndProject
Global
	GlobalSection(SolutionConfigurationPlatforms) = preSolution
		Debug|Any CPU = Debug|Any CPU
		Release|Any CPU = Release|Any CPU
	EndGlobalSection
	GlobalSection(ProjectConfigurationPlatforms) = postSolution
		{B30C3C70-530F-418A-B68F-1FC8491AF858}.Debug|Any CPU.ActiveCfg = Debug|Any CPU
		{B30C3C70-530F-418A-B68F-1FC8491AF858}.Debug|Any CPU.Build.0 = Debug|Any CPU
		{B30C3C70-530F-418A-B68F-1FC8491AF858}.Release|Any CPU.ActiveCfg = Release|Any CPU
		{B30C3C70-530F-418A-B68F-1FC8491AF858}.Release|Any CPU.Build.0 = Release|Any CPU
		{415E8152-32DF-452A-AA22-28DD406B78B0}.Debug|Any CPU.ActiveCfg = Debug|Any CPU
		{415E8152-32DF-452A-AA22-28DD406B78B0}.Debug|Any CPU.Build.0 = Debug|Any CPU
		{415E8152-32DF-452A-AA22-28DD406B78B0}.Release|Any CPU.ActiveCfg = Release|Any CPU
		{415E8152-32DF-452A-AA22-28DD406B78B0}.Release|Any CPU.Build.0 = Release|Any CPU
	EndGlobalSection
	GlobalSection(SolutionProperties) = preSolution
		HideSolutionNode = FALSE
	EndGlobalSection
	GlobalSection(ExtensibilityGlobals) = postSolution
		SolutionGuid = {C8C39675-9E9E-48B3-B3B0-85DF94C2657F}
	EndGlobalSection
EndGlobal
